
Microsoft Visual Studio Solution File, Format Version 12.00
# Visual Studio Version 17
VisualStudioVersion = 17.0.31903.59
MinimumVisualStudioVersion = 10.0.40219.1
Project("{2150E333-8FDC-42A3-9474-1A3956D46DE8}") = "src", "src", "{2399ED8C-C53C-43FF-AB41-36016CEB96BB}"
EndProject
Project("{2150E333-8FDC-42A3-9474-1A3956D46DE8}") = "Shared", "Shared", "{5DE98BF0-2254-40D4-ABD3-3DEB94948E3D}"
EndProject
Project("{FAE04EC0-301F-11D3-BF4B-00C04F79EFBC}") = "MediaForge.Shared.Contracts", "src\Shared\Contracts\MediaForge.Shared.Contracts.csproj", "{9A34C178-8839-42BC-B55B-FAC78C72A191}"
EndProject
Project("{FAE04EC0-301F-11D3-BF4B-00C04F79EFBC}") = "MediaForge.Shared.Infrastructure", "src\Shared\Infrastructure\MediaForge.Shared.Infrastructure.csproj", "{54BDE5BB-8CF2-478C-978C-9A7000C7559C}"
EndProject
Project("{2150E333-8FDC-42A3-9474-1A3956D46DE8}") = "Services", "Services", "{7479D8A6-6593-40A3-92A3-5098FF374C8B}"
EndProject
Project("{2150E333-8FDC-42A3-9474-1A3956D46DE8}") = "Identity", "Identity", "{9FC3366D-B25C-4307-AEE1-EC5BF3C025D6}"
EndProject
Project("{FAE04EC0-301F-11D3-BF4B-00C04F79EFBC}") = "MediaForge.Identity.Domain", "src\Services\Identity\Domain\MediaForge.Identity.Domain.csproj", "{6FD90C5F-9EF1-4B1D-86AD-600F2CD0C0C9}"
EndProject
Project("{FAE04EC0-301F-11D3-BF4B-00C04F79EFBC}") = "MediaForge.Identity.Application", "src\Services\Identity\Application\MediaForge.Identity.Application.csproj", "{E85777D1-120A-4176-B2AE-DA0980EFDCFA}"
EndProject
Project("{FAE04EC0-301F-11D3-BF4B-00C04F79EFBC}") = "MediaForge.Identity.Infrastructure", "src\Services\Identity\Infrastructure\MediaForge.Identity.Infrastructure.csproj", "{BAE52679-AFE6-4FB3-B5AE-BDA2146E5C4B}"
EndProject
Project("{FAE04EC0-301F-11D3-BF4B-00C04F79EFBC}") = "MediaForge.Identity.API", "src\Services\Identity\API\MediaForge.Identity.API.csproj", "{48CFF230-9D06-4217-A66B-06F36162D64F}"
EndProject
Project("{2150E333-8FDC-42A3-9474-1A3956D46DE8}") = "Media", "Media", "{06B3ADE5-0CC3-4427-A83D-62228C7EFDD2}"
EndProject
Project("{FAE04EC0-301F-11D3-BF4B-00C04F79EFBC}") = "MediaForge.Media.Domain", "src\Services\Media\Domain\MediaForge.Media.Domain.csproj", "{7809EB2C-D8F5-4260-B134-B0B0FBD83EF0}"
EndProject
Project("{FAE04EC0-301F-11D3-BF4B-00C04F79EFBC}") = "MediaForge.Media.Application", "src\Services\Media\Application\MediaForge.Media.Application.csproj", "{3552EACB-334A-47CF-AC9F-A7EE27CD1D8E}"
EndProject
Project("{FAE04EC0-301F-11D3-BF4B-00C04F79EFBC}") = "MediaForge.Media.Infrastructure", "src\Services\Media\Infrastructure\MediaForge.Media.Infrastructure.csproj", "{815047AE-A587-483B-811C-E02CA73F7E79}"
EndProject
Project("{FAE04EC0-301F-11D3-BF4B-00C04F79EFBC}") = "MediaForge.Media.API", "src\Services\Media\API\MediaForge.Media.API.csproj", "{9A11AD4B-A80C-4E0F-B50D-E5A5DFFD89CC}"
EndProject
Project("{2150E333-8FDC-42A3-9474-1A3956D46DE8}") = "Processing", "Processing", "{1E79A568-8683-40A1-9F34-242B9741A50B}"
EndProject
Project("{FAE04EC0-301F-11D3-BF4B-00C04F79EFBC}") = "MediaForge.Processing.Worker", "src\Services\Processing\Worker\MediaForge.Processing.Worker.csproj", "{5265A4EF-3632-4849-B31F-AA584A78076D}"
EndProject
Project("{2150E333-8FDC-42A3-9474-1A3956D46DE8}") = "Search", "Search", "{38E6C416-FB88-4B3B-A4E8-5767C2A09EC0}"
EndProject
Project("{FAE04EC0-301F-11D3-BF4B-00C04F79EFBC}") = "MediaForge.Search.Domain", "src\Services\Search\Domain\MediaForge.Search.Domain.csproj", "{4BD4E6EC-C784-4746-9169-F6CFF6F5735F}"
EndProject
Project("{FAE04EC0-301F-11D3-BF4B-00C04F79EFBC}") = "MediaForge.Search.Application", "src\Services\Search\Application\MediaForge.Search.Application.csproj", "{E9348429-E47B-4538-BF9B-8897E7F205DA}"
EndProject
Project("{FAE04EC0-301F-11D3-BF4B-00C04F79EFBC}") = "MediaForge.Search.Infrastructure", "src\Services\Search\Infrastructure\MediaForge.Search.Infrastructure.csproj", "{769DC6B2-B521-49D5-9A8E-381A3AF3A050}"
EndProject
Project("{FAE04EC0-301F-11D3-BF4B-00C04F79EFBC}") = "MediaForge.Search.API", "src\Services\Search\API\MediaForge.Search.API.csproj", "{18125FC4-A34F-4B24-ADC2-6E1AEFBE139C}"
EndProject
Project("{FAE04EC0-301F-11D3-BF4B-00C04F79EFBC}") = "MediaForge.Gateway.YARP", "src\Services\Gateway\MediaForge.Gateway.YARP.csproj", "{D7F31AB2-C57C-417E-9CEC-7A9110E7D75B}"
EndProject
Project("{2150E333-8FDC-42A3-9474-1A3956D46DE8}") = "tests", "tests", "{BA6605C1-7A53-4422-BC68-91B536387EED}"
EndProject
Project("{FAE04EC0-301F-11D3-BF4B-00C04F79EFBC}") = "MediaForge.Identity.IntegrationTests", "tests\Identity.IntegrationTests\MediaForge.Identity.IntegrationTests.csproj", "{A4586913-CF55-4CB0-BD39-185FF203D1FC}"
EndProject
Project("{FAE04EC0-301F-11D3-BF4B-00C04F79EFBC}") = "MediaForge.Media.IntegrationTests", "tests\Media.IntegrationTests\MediaForge.Media.IntegrationTests.csproj", "{9BC25A1D-8157-4B3F-A3F5-47203B88F40F}"
EndProject
Project("{FAE04EC0-301F-11D3-BF4B-00C04F79EFBC}") = "MediaForge.Search.IntegrationTests", "tests\Search.IntegrationTests\MediaForge.Search.IntegrationTests.csproj", "{7721D4EE-7294-4FBA-8C9D-BAEBA7BB7A0D}"
EndProject
Project("{FAE04EC0-301F-11D3-BF4B-00C04F79EFBC}") = "MediaForge.Gateway.IntegrationTests", "tests\Gateway.IntegrationTests\MediaForge.Gateway.IntegrationTests.csproj", "{737E240A-A825-4D39-8B3C-F440D8F5C30A}"
EndProject
Project("{2150E333-8FDC-42A3-9474-1A3956D46DE8}") = "Catalog", "Catalog", "{443C01F0-1A55-4659-A13E-FB5743760F5F}"
EndProject
Project("{FAE04EC0-301F-11D3-BF4B-00C04F79EFBC}") = "MediaForge.Catalog.Domain", "src\Services\Catalog\Domain\MediaForge.Catalog.Domain.csproj", "{8AB86569-1EFD-4520-B5BA-12321615F696}"
EndProject
Project("{FAE04EC0-301F-11D3-BF4B-00C04F79EFBC}") = "MediaForge.Catalog.Application", "src\Services\Catalog\Application\MediaForge.Catalog.Application.csproj", "{68BDA525-0CFA-42DB-B649-51E33AA93835}"
EndProject
Project("{FAE04EC0-301F-11D3-BF4B-00C04F79EFBC}") = "MediaForge.Catalog.Infrastructure", "src\Services\Catalog\Infrastructure\MediaForge.Catalog.Infrastructure.csproj", "{4B4C84F0-EF52-4D17-BBD3-DEBB986FB4F0}"
EndProject
Project("{FAE04EC0-301F-11D3-BF4B-00C04F79EFBC}") = "MediaForge.Catalog.API", "src\Services\Catalog\API\MediaForge.Catalog.API.csproj", "{15DDAB3D-70CA-4812-AE8E-405B09EE3E2D}"
EndProject
Global
	GlobalSection(SolutionConfigurationPlatforms) = preSolution
		Debug|Any CPU = Debug|Any CPU
		Release|Any CPU = Release|Any CPU
	EndGlobalSection
	GlobalSection(SolutionProperties) = preSolution
		HideSolutionNode = FALSE
	EndGlobalSection
	GlobalSection(ProjectConfigurationPlatforms) = postSolution
		{9A34C178-8839-42BC-B55B-FAC78C72A191}.Debug|Any CPU.ActiveCfg = Debug|Any CPU
		{9A34C178-8839-42BC-B55B-FAC78C72A191}.Debug|Any CPU.Build.0 = Debug|Any CPU
		{9A34C178-8839-42BC-B55B-FAC78C72A191}.Release|Any CPU.ActiveCfg = Release|Any CPU
		{9A34C178-8839-42BC-B55B-FAC78C72A191}.Release|Any CPU.Build.0 = Release|Any CPU
		{54BDE5BB-8CF2-478C-978C-9A7000C7559C}.Debug|Any CPU.ActiveCfg = Debug|Any CPU
		{54BDE5BB-8CF2-478C-978C-9A7000C7559C}.Debug|Any CPU.Build.0 = Debug|Any CPU
		{54BDE5BB-8CF2-478C-978C-9A7000C7559C}.Release|Any CPU.ActiveCfg = Release|Any CPU
		{54BDE5BB-8CF2-478C-978C-9A7000C7559C}.Release|Any CPU.Build.0 = Release|Any CPU
		{6FD90C5F-9EF1-4B1D-86AD-600F2CD0C0C9}.Debug|Any CPU.ActiveCfg = Debug|Any CPU
		{6FD90C5F-9EF1-4B1D-86AD-600F2CD0C0C9}.Debug|Any CPU.Build.0 = Debug|Any CPU
		{6FD90C5F-9EF1-4B1D-86AD-600F2CD0C0C9}.Release|Any CPU.ActiveCfg = Release|Any CPU
		{6FD90C5F-9EF1-4B1D-86AD-600F2CD0C0C9}.Release|Any CPU.Build.0 = Release|Any CPU
		{E85777D1-120A-4176-B2AE-DA0980EFDCFA}.Debug|Any CPU.ActiveCfg = Debug|Any CPU
		{E85777D1-120A-4176-B2AE-DA0980EFDCFA}.Debug|Any CPU.Build.0 = Debug|Any CPU
		{E85777D1-120A-4176-B2AE-DA0980EFDCFA}.Release|Any CPU.ActiveCfg = Release|Any CPU
		{E85777D1-120A-4176-B2AE-DA0980EFDCFA}.Release|Any CPU.Build.0 = Release|Any CPU
		{BAE52679-AFE6-4FB3-B5AE-BDA2146E5C4B}.Debug|Any CPU.ActiveCfg = Debug|Any CPU
		{BAE52679-AFE6-4FB3-B5AE-BDA2146E5C4B}.Debug|Any CPU.Build.0 = Debug|Any CPU
		{BAE52679-AFE6-4FB3-B5AE-BDA2146E5C4B}.Release|Any CPU.ActiveCfg = Release|Any CPU
		{BAE52679-AFE6-4FB3-B5AE-BDA2146E5C4B}.Release|Any CPU.Build.0 = Release|Any CPU
		{48CFF230-9D06-4217-A66B-06F36162D64F}.Debug|Any CPU.ActiveCfg = Debug|Any CPU
		{48CFF230-9D06-4217-A66B-06F36162D64F}.Debug|Any CPU.Build.0 = Debug|Any CPU
		{48CFF230-9D06-4217-A66B-06F36162D64F}.Release|Any CPU.ActiveCfg = Release|Any CPU
		{48CFF230-9D06-4217-A66B-06F36162D64F}.Release|Any CPU.Build.0 = Release|Any CPU
		{7809EB2C-D8F5-4260-B134-B0B0FBD83EF0}.Debug|Any CPU.ActiveCfg = Debug|Any CPU
		{7809EB2C-D8F5-4260-B134-B0B0FBD83EF0}.Debug|Any CPU.Build.0 = Debug|Any CPU
		{7809EB2C-D8F5-4260-B134-B0B0FBD83EF0}.Release|Any CPU.ActiveCfg = Release|Any CPU
		{7809EB2C-D8F5-4260-B134-B0B0FBD83EF0}.Release|Any CPU.Build.0 = Release|Any CPU
		{3552EACB-334A-47CF-AC9F-A7EE27CD1D8E}.Debug|Any CPU.ActiveCfg = Debug|Any CPU
		{3552EACB-334A-47CF-AC9F-A7EE27CD1D8E}.Debug|Any CPU.Build.0 = Debug|Any CPU
		{3552EACB-334A-47CF-AC9F-A7EE27CD1D8E}.Release|Any CPU.ActiveCfg = Release|Any CPU
		{3552EACB-334A-47CF-AC9F-A7EE27CD1D8E}.Release|Any CPU.Build.0 = Release|Any CPU
		{815047AE-A587-483B-811C-E02CA73F7E79}.Debug|Any CPU.ActiveCfg = Debug|Any CPU
		{815047AE-A587-483B-811C-E02CA73F7E79}.Debug|Any CPU.Build.0 = Debug|Any CPU
		{815047AE-A587-483B-811C-E02CA73F7E79}.Release|Any CPU.ActiveCfg = Release|Any CPU
		{815047AE-A587-483B-811C-E02CA73F7E79}.Release|Any CPU.Build.0 = Release|Any CPU
		{9A11AD4B-A80C-4E0F-B50D-E5A5DFFD89CC}.Debug|Any CPU.ActiveCfg = Debug|Any CPU
		{9A11AD4B-A80C-4E0F-B50D-E5A5DFFD89CC}.Debug|Any CPU.Build.0 = Debug|Any CPU
		{9A11AD4B-A80C-4E0F-B50D-E5A5DFFD89CC}.Release|Any CPU.ActiveCfg = Release|Any CPU
		{9A11AD4B-A80C-4E0F-B50D-E5A5DFFD89CC}.Release|Any CPU.Build.0 = Release|Any CPU
		{5265A4EF-3632-4849-B31F-AA584A78076D}.Debug|Any CPU.ActiveCfg = Debug|Any CPU
		{5265A4EF-3632-4849-B31F-AA584A78076D}.Debug|Any CPU.Build.0 = Debug|Any CPU
		{5265A4EF-3632-4849-B31F-AA584A78076D}.Release|Any CPU.ActiveCfg = Release|Any CPU
		{5265A4EF-3632-4849-B31F-AA584A78076D}.Release|Any CPU.Build.0 = Release|Any CPU
		{4BD4E6EC-C784-4746-9169-F6CFF6F5735F}.Debug|Any CPU.ActiveCfg = Debug|Any CPU
		{4BD4E6EC-C784-4746-9169-F6CFF6F5735F}.Debug|Any CPU.Build.0 = Debug|Any CPU
		{4BD4E6EC-C784-4746-9169-F6CFF6F5735F}.Release|Any CPU.ActiveCfg = Release|Any CPU
		{4BD4E6EC-C784-4746-9169-F6CFF6F5735F}.Release|Any CPU.Build.0 = Release|Any CPU
		{E9348429-E47B-4538-BF9B-8897E7F205DA}.Debug|Any CPU.ActiveCfg = Debug|Any CPU
		{E9348429-E47B-4538-BF9B-8897E7F205DA}.Debug|Any CPU.Build.0 = Debug|Any CPU
		{E9348429-E47B-4538-BF9B-8897E7F205DA}.Release|Any CPU.ActiveCfg = Release|Any CPU
		{E9348429-E47B-4538-BF9B-8897E7F205DA}.Release|Any CPU.Build.0 = Release|Any CPU
		{769DC6B2-B521-49D5-9A8E-381A3AF3A050}.Debug|Any CPU.ActiveCfg = Debug|Any CPU
		{769DC6B2-B521-49D5-9A8E-381A3AF3A050}.Debug|Any CPU.Build.0 = Debug|Any CPU
		{769DC6B2-B521-49D5-9A8E-381A3AF3A050}.Release|Any CPU.ActiveCfg = Release|Any CPU
		{769DC6B2-B521-49D5-9A8E-381A3AF3A050}.Release|Any CPU.Build.0 = Release|Any CPU
		{18125FC4-A34F-4B24-ADC2-6E1AEFBE139C}.Debug|Any CPU.ActiveCfg = Debug|Any CPU
		{18125FC4-A34F-4B24-ADC2-6E1AEFBE139C}.Debug|Any CPU.Build.0 = Debug|Any CPU
		{18125FC4-A34F-4B24-ADC2-6E1AEFBE139C}.Release|Any CPU.ActiveCfg = Release|Any CPU
		{18125FC4-A34F-4B24-ADC2-6E1AEFBE139C}.Release|Any CPU.Build.0 = Release|Any CPU
		{D7F31AB2-C57C-417E-9CEC-7A9110E7D75B}.Debug|Any CPU.ActiveCfg = Debug|Any CPU
		{D7F31AB2-C57C-417E-9CEC-7A9110E7D75B}.Debug|Any CPU.Build.0 = Debug|Any CPU
		{D7F31AB2-C57C-417E-9CEC-7A9110E7D75B}.Release|Any CPU.ActiveCfg = Release|Any CPU
		{D7F31AB2-C57C-417E-9CEC-7A9110E7D75B}.Release|Any CPU.Build.0 = Release|Any CPU
		{A4586913-CF55-4CB0-BD39-185FF203D1FC}.Debug|Any CPU.ActiveCfg = Debug|Any CPU
		{A4586913-CF55-4CB0-BD39-185FF203D1FC}.Debug|Any CPU.Build.0 = Debug|Any CPU
		{A4586913-CF55-4CB0-BD39-185FF203D1FC}.Release|Any CPU.ActiveCfg = Release|Any CPU
		{A4586913-CF55-4CB0-BD39-185FF203D1FC}.Release|Any CPU.Build.0 = Release|Any CPU
		{9BC25A1D-8157-4B3F-A3F5-47203B88F40F}.Debug|Any CPU.ActiveCfg = Debug|Any CPU
		{9BC25A1D-8157-4B3F-A3F5-47203B88F40F}.Debug|Any CPU.Build.0 = Debug|Any CPU
		{9BC25A1D-8157-4B3F-A3F5-47203B88F40F}.Release|Any CPU.ActiveCfg = Release|Any CPU
		{9BC25A1D-8157-4B3F-A3F5-47203B88F40F}.Release|Any CPU.Build.0 = Release|Any CPU
		{7721D4EE-7294-4FBA-8C9D-BAEBA7BB7A0D}.Debug|Any CPU.ActiveCfg = Debug|Any CPU
		{7721D4EE-7294-4FBA-8C9D-BAEBA7BB7A0D}.Debug|Any CPU.Build.0 = Debug|Any CPU
		{7721D4EE-7294-4FBA-8C9D-BAEBA7BB7A0D}.Release|Any CPU.ActiveCfg = Release|Any CPU
		{7721D4EE-7294-4FBA-8C9D-BAEBA7BB7A0D}.Release|Any CPU.Build.0 = Release|Any CPU
		{737E240A-A825-4D39-8B3C-F440D8F5C30A}.Debug|Any CPU.ActiveCfg = Debug|Any CPU
		{737E240A-A825-4D39-8B3C-F440D8F5C30A}.Debug|Any CPU.Build.0 = Debug|Any CPU
		{737E240A-A825-4D39-8B3C-F440D8F5C30A}.Release|Any CPU.ActiveCfg = Release|Any CPU
		{737E240A-A825-4D39-8B3C-F440D8F5C30A}.Release|Any CPU.Build.0 = Release|Any CPU
		{8AB86569-1EFD-4520-B5BA-12321615F696}.Debug|Any CPU.ActiveCfg = Debug|Any CPU
		{8AB86569-1EFD-4520-B5BA-12321615F696}.Debug|Any CPU.Build.0 = Debug|Any CPU
		{8AB86569-1EFD-4520-B5BA-12321615F696}.Release|Any CPU.ActiveCfg = Release|Any CPU
		{8AB86569-1EFD-4520-B5BA-12321615F696}.Release|Any CPU.Build.0 = Release|Any CPU
		{68BDA525-0CFA-42DB-B649-51E33AA93835}.Debug|Any CPU.ActiveCfg = Debug|Any CPU
		{68BDA525-0CFA-42DB-B649-51E33AA93835}.Debug|Any CPU.Build.0 = Debug|Any CPU
		{68BDA525-0CFA-42DB-B649-51E33AA93835}.Release|Any CPU.ActiveCfg = Release|Any CPU
		{68BDA525-0CFA-42DB-B649-51E33AA93835}.Release|Any CPU.Build.0 = Release|Any CPU
		{4B4C84F0-EF52-4D17-BBD3-DEBB986FB4F0}.Debug|Any CPU.ActiveCfg = Debug|Any CPU
		{4B4C84F0-EF52-4D17-BBD3-DEBB986FB4F0}.Debug|Any CPU.Build.0 = Debug|Any CPU
		{4B4C84F0-EF52-4D17-BBD3-DEBB986FB4F0}.Release|Any CPU.ActiveCfg = Release|Any CPU
		{4B4C84F0-EF52-4D17-BBD3-DEBB986FB4F0}.Release|Any CPU.Build.0 = Release|Any CPU
		{15DDAB3D-70CA-4812-AE8E-405B09EE3E2D}.Debug|Any CPU.ActiveCfg = Debug|Any CPU
		{15DDAB3D-70CA-4812-AE8E-405B09EE3E2D}.Debug|Any CPU.Build.0 = Debug|Any CPU
		{15DDAB3D-70CA-4812-AE8E-405B09EE3E2D}.Release|Any CPU.ActiveCfg = Release|Any CPU
		{15DDAB3D-70CA-4812-AE8E-405B09EE3E2D}.Release|Any CPU.Build.0 = Release|Any CPU
	EndGlobalSection
	GlobalSection(NestedProjects) = preSolution
		{5DE98BF0-2254-40D4-ABD3-3DEB94948E3D} = {2399ED8C-C53C-43FF-AB41-36016CEB96BB}
		{9A34C178-8839-42BC-B55B-FAC78C72A191} = {5DE98BF0-2254-40D4-ABD3-3DEB94948E3D}
		{54BDE5BB-8CF2-478C-978C-9A7000C7559C} = {5DE98BF0-2254-40D4-ABD3-3DEB94948E3D}
		{7479D8A6-6593-40A3-92A3-5098FF374C8B} = {2399ED8C-C53C-43FF-AB41-36016CEB96BB}
		{9FC3366D-B25C-4307-AEE1-EC5BF3C025D6} = {7479D8A6-6593-40A3-92A3-5098FF374C8B}
		{6FD90C5F-9EF1-4B1D-86AD-600F2CD0C0C9} = {9FC3366D-B25C-4307-AEE1-EC5BF3C025D6}
		{E85777D1-120A-4176-B2AE-DA0980EFDCFA} = {9FC3366D-B25C-4307-AEE1-EC5BF3C025D6}
		{BAE52679-AFE6-4FB3-B5AE-BDA2146E5C4B} = {9FC3366D-B25C-4307-AEE1-EC5BF3C025D6}
		{48CFF230-9D06-4217-A66B-06F36162D64F} = {9FC3366D-B25C-4307-AEE1-EC5BF3C025D6}
		{06B3ADE5-0CC3-4427-A83D-62228C7EFDD2} = {7479D8A6-6593-40A3-92A3-5098FF374C8B}
		{7809EB2C-D8F5-4260-B134-B0B0FBD83EF0} = {06B3ADE5-0CC3-4427-A83D-62228C7EFDD2}
		{3552EACB-334A-47CF-AC9F-A7EE27CD1D8E} = {06B3ADE5-0CC3-4427-A83D-62228C7EFDD2}
		{815047AE-A587-483B-811C-E02CA73F7E79} = {06B3ADE5-0CC3-4427-A83D-62228C7EFDD2}
		{9A11AD4B-A80C-4E0F-B50D-E5A5DFFD89CC} = {06B3ADE5-0CC3-4427-A83D-62228C7EFDD2}
		{1E79A568-8683-40A1-9F34-242B9741A50B} = {7479D8A6-6593-40A3-92A3-5098FF374C8B}
		{5265A4EF-3632-4849-B31F-AA584A78076D} = {1E79A568-8683-40A1-9F34-242B9741A50B}
		{38E6C416-FB88-4B3B-A4E8-5767C2A09EC0} = {7479D8A6-6593-40A3-92A3-5098FF374C8B}
		{4BD4E6EC-C784-4746-9169-F6CFF6F5735F} = {38E6C416-FB88-4B3B-A4E8-5767C2A09EC0}
		{E9348429-E47B-4538-BF9B-8897E7F205DA} = {38E6C416-FB88-4B3B-A4E8-5767C2A09EC0}
		{769DC6B2-B521-49D5-9A8E-381A3AF3A050} = {38E6C416-FB88-4B3B-A4E8-5767C2A09EC0}
		{18125FC4-A34F-4B24-ADC2-6E1AEFBE139C} = {38E6C416-FB88-4B3B-A4E8-5767C2A09EC0}
		{D7F31AB2-C57C-417E-9CEC-7A9110E7D75B} = {7479D8A6-6593-40A3-92A3-5098FF374C8B}
		{A4586913-CF55-4CB0-BD39-185FF203D1FC} = {BA6605C1-7A53-4422-BC68-91B536387EED}
		{9BC25A1D-8157-4B3F-A3F5-47203B88F40F} = {BA6605C1-7A53-4422-BC68-91B536387EED}
		{7721D4EE-7294-4FBA-8C9D-BAEBA7BB7A0D} = {BA6605C1-7A53-4422-BC68-91B536387EED}
		{737E240A-A825-4D39-8B3C-F440D8F5C30A} = {BA6605C1-7A53-4422-BC68-91B536387EED}
		{443C01F0-1A55-4659-A13E-FB5743760F5F} = {7479D8A6-6593-40A3-92A3-5098FF374C8B}
		{8AB86569-1EFD-4520-B5BA-12321615F696} = {443C01F0-1A55-4659-A13E-FB5743760F5F}
		{68BDA525-0CFA-42DB-B649-51E33AA93835} = {443C01F0-1A55-4659-A13E-FB5743760F5F}
		{4B4C84F0-EF52-4D17-BBD3-DEBB986FB4F0} = {443C01F0-1A55-4659-A13E-FB5743760F5F}
		{15DDAB3D-70CA-4812-AE8E-405B09EE3E2D} = {443C01F0-1A55-4659-A13E-FB5743760F5F}
	EndGlobalSection
EndGlobal
